
Microsoft Visual Studio Solution File, Format Version 12.00
# Visual Studio Version 16
VisualStudioVersion = 16.0.29503.13
MinimumVisualStudioVersion = 10.0.40219.1
Project("{FAE04EC0-301F-11D3-BF4B-00C04F79EFBC}") = "ConsoleTeste", "ConsoleTeste\ConsoleTeste.csproj", "{845312E5-1731-41E0-87E9-B6851E5E12E7}"
EndProject
Global
	GlobalSection(SolutionConfigurationPlatforms) = preSolution
		Debug|Any CPU = Debug|Any CPU
		Release|Any CPU = Release|Any CPU
	EndGlobalSection
	GlobalSection(ProjectConfigurationPlatforms) = postSolution
		{845312E5-1731-41E0-87E9-B6851E5E12E7}.Debug|Any CPU.ActiveCfg = Debug|Any CPU
		{845312E5-1731-41E0-87E9-B6851E5E12E7}.Debug|Any CPU.Build.0 = Debug|Any CPU
		{845312E5-1731-41E0-87E9-B6851E5E12E7}.Release|Any CPU.ActiveCfg = Release|Any CPU
		{845312E5-1731-41E0-87E9-B6851E5E12E7}.Release|Any CPU.Build.0 = Release|Any CPU
	EndGlobalSection
	GlobalSection(SolutionProperties) = preSolution
		HideSolutionNode = FALSE
	EndGlobalSection
	GlobalSection(ExtensibilityGlobals) = postSolution
		SolutionGuid = {CDF96ED8-B021-4889-B1EA-74557C8A7D65}
	EndGlobalSection
EndGlobal
